// !$*UTF8*$!
{
	archiveVersion = 1;
	classes = {
	};
	objectVersion = 46;
	objects = {

/* Begin PBXBuildFile section */
		386D09B31A8520CA006B5605 /* Foundation.framework in Frameworks */ = {isa = PBXBuildFile; fileRef = 386D09B21A8520CA006B5605 /* Foundation.framework */; };
		386D09B51A8520CA006B5605 /* CoreGraphics.framework in Frameworks */ = {isa = PBXBuildFile; fileRef = 386D09B41A8520CA006B5605 /* CoreGraphics.framework */; };
		386D09B71A8520CA006B5605 /* UIKit.framework in Frameworks */ = {isa = PBXBuildFile; fileRef = 386D09B61A8520CA006B5605 /* UIKit.framework */; };
		386D09BD1A8520CA006B5605 /* InfoPlist.strings in Resources */ = {isa = PBXBuildFile; fileRef = 386D09BB1A8520CA006B5605 /* InfoPlist.strings */; };
		386D09BF1A8520CA006B5605 /* main.m in Sources */ = {isa = PBXBuildFile; fileRef = 386D09BE1A8520CA006B5605 /* main.m */; };
		386D09C31A8520CA006B5605 /* FBookAppDelegate.m in Sources */ = {isa = PBXBuildFile; fileRef = 386D09C21A8520CA006B5605 /* FBookAppDelegate.m */; };
		386D09C61A8520CA006B5605 /* Main_iPhone.storyboard in Resources */ = {isa = PBXBuildFile; fileRef = 386D09C41A8520CA006B5605 /* Main_iPhone.storyboard */; };
		386D09C91A8520CA006B5605 /* Main_iPad.storyboard in Resources */ = {isa = PBXBuildFile; fileRef = 386D09C71A8520CA006B5605 /* Main_iPad.storyboard */; };
		386D09CC1A8520CA006B5605 /* FBookViewController.m in Sources */ = {isa = PBXBuildFile; fileRef = 386D09CB1A8520CA006B5605 /* FBookViewController.m */; };
		386D09CE1A8520CA006B5605 /* Images.xcassets in Resources */ = {isa = PBXBuildFile; fileRef = 386D09CD1A8520CA006B5605 /* Images.xcassets */; };
		386D09D51A8520CA006B5605 /* XCTest.framework in Frameworks */ = {isa = PBXBuildFile; fileRef = 386D09D41A8520CA006B5605 /* XCTest.framework */; };
		386D09D61A8520CA006B5605 /* Foundation.framework in Frameworks */ = {isa = PBXBuildFile; fileRef = 386D09B21A8520CA006B5605 /* Foundation.framework */; };
		386D09D71A8520CA006B5605 /* UIKit.framework in Frameworks */ = {isa = PBXBuildFile; fileRef = 386D09B61A8520CA006B5605 /* UIKit.framework */; };
		386D09DF1A8520CA006B5605 /* InfoPlist.strings in Resources */ = {isa = PBXBuildFile; fileRef = 386D09DD1A8520CA006B5605 /* InfoPlist.strings */; };
		386D09E11A8520CA006B5605 /* FBLoginTests.m in Sources */ = {isa = PBXBuildFile; fileRef = 386D09E01A8520CA006B5605 /* FBLoginTests.m */; };
		386D09EB1A8520F8006B5605 /* FacebookSDK.framework in Frameworks */ = {isa = PBXBuildFile; fileRef = 386D09EA1A8520F8006B5605 /* FacebookSDK.framework */; };
		386D09EE1A852123006B5605 /* Accounts.framework in Frameworks */ = {isa = PBXBuildFile; fileRef = 386D09EC1A852123006B5605 /* Accounts.framework */; };
		386D09EF1A852123006B5605 /* AdSupport.framework in Frameworks */ = {isa = PBXBuildFile; fileRef = 386D09ED1A852123006B5605 /* AdSupport.framework */; };
		386D09F11A852139006B5605 /* libsqlite3.dylib in Frameworks */ = {isa = PBXBuildFile; fileRef = 386D09F01A852139006B5605 /* libsqlite3.dylib */; };
		386D09F31A852141006B5605 /* Security.framework in Frameworks */ = {isa = PBXBuildFile; fileRef = 386D09F21A852141006B5605 /* Security.framework */; };
		386D09F51A8524D0006B5605 /* Social.framework in Frameworks */ = {isa = PBXBuildFile; fileRef = 386D09F41A8524D0006B5605 /* Social.framework */; };
		386D09F81A855147006B5605 /* FBookTableViewController.m in Sources */ = {isa = PBXBuildFile; fileRef = 386D09F71A855147006B5605 /* FBookTableViewController.m */; };
		386D09F91A855147006B5605 /* FBookTableViewController.m in Sources */ = {isa = PBXBuildFile; fileRef = 386D09F71A855147006B5605 /* FBookTableViewController.m */; };
		386D0A071A85646D006B5605 /* User.m in Sources */ = {isa = PBXBuildFile; fileRef = 386D0A061A85646D006B5605 /* User.m */; };
		386D0A081A85646D006B5605 /* User.m in Sources */ = {isa = PBXBuildFile; fileRef = 386D0A061A85646D006B5605 /* User.m */; };
		386D0A241A857967006B5605 /* defaultpic.png in Resources */ = {isa = PBXBuildFile; fileRef = 386D0A231A857967006B5605 /* defaultpic.png */; };
		386D0A251A857967006B5605 /* defaultpic.png in Resources */ = {isa = PBXBuildFile; fileRef = 386D0A231A857967006B5605 /* defaultpic.png */; };
/* End PBXBuildFile section */

/* Begin PBXContainerItemProxy section */
		386D09D81A8520CA006B5605 /* PBXContainerItemProxy */ = {
			isa = PBXContainerItemProxy;
			containerPortal = 386D09A71A8520C9006B5605 /* Project object */;
			proxyType = 1;
			remoteGlobalIDString = 386D09AE1A8520CA006B5605;
			remoteInfo = FBLogin;
		};
/* End PBXContainerItemProxy section */

/* Begin PBXFileReference section */
		386D09AF1A8520CA006B5605 /* FBLogin.app */ = {isa = PBXFileReference; explicitFileType = wrapper.application; includeInIndex = 0; path = FBLogin.app; sourceTree = BUILT_PRODUCTS_DIR; };
		386D09B21A8520CA006B5605 /* Foundation.framework */ = {isa = PBXFileReference; lastKnownFileType = wrapper.framework; name = Foundation.framework; path = System/Library/Frameworks/Foundation.framework; sourceTree = SDKROOT; };
		386D09B41A8520CA006B5605 /* CoreGraphics.framework */ = {isa = PBXFileReference; lastKnownFileType = wrapper.framework; name = CoreGraphics.framework; path = System/Library/Frameworks/CoreGraphics.framework; sourceTree = SDKROOT; };
		386D09B61A8520CA006B5605 /* UIKit.framework */ = {isa = PBXFileReference; lastKnownFileType = wrapper.framework; name = UIKit.framework; path = System/Library/Frameworks/UIKit.framework; sourceTree = SDKROOT; };
		386D09BA1A8520CA006B5605 /* FBLogin-Info.plist */ = {isa = PBXFileReference; lastKnownFileType = text.plist.xml; path = "FBLogin-Info.plist"; sourceTree = "<group>"; };
		386D09BC1A8520CA006B5605 /* en */ = {isa = PBXFileReference; lastKnownFileType = text.plist.strings; name = en; path = en.lproj/InfoPlist.strings; sourceTree = "<group>"; };
		386D09BE1A8520CA006B5605 /* main.m */ = {isa = PBXFileReference; lastKnownFileType = sourcecode.c.objc; path = main.m; sourceTree = "<group>"; };
		386D09C01A8520CA006B5605 /* FBLogin-Prefix.pch */ = {isa = PBXFileReference; lastKnownFileType = sourcecode.c.h; path = "FBLogin-Prefix.pch"; sourceTree = "<group>"; };
		386D09C11A8520CA006B5605 /* FBookAppDelegate.h */ = {isa = PBXFileReference; lastKnownFileType = sourcecode.c.h; path = FBookAppDelegate.h; sourceTree = "<group>"; };
		386D09C21A8520CA006B5605 /* FBookAppDelegate.m */ = {isa = PBXFileReference; lastKnownFileType = sourcecode.c.objc; path = FBookAppDelegate.m; sourceTree = "<group>"; };
		386D09C51A8520CA006B5605 /* Base */ = {isa = PBXFileReference; lastKnownFileType = file.storyboard; name = Base; path = Base.lproj/Main_iPhone.storyboard; sourceTree = "<group>"; };
		386D09C81A8520CA006B5605 /* Base */ = {isa = PBXFileReference; lastKnownFileType = file.storyboard; name = Base; path = Base.lproj/Main_iPad.storyboard; sourceTree = "<group>"; };
		386D09CA1A8520CA006B5605 /* FBookViewController.h */ = {isa = PBXFileReference; lastKnownFileType = sourcecode.c.h; path = FBookViewController.h; sourceTree = "<group>"; };
		386D09CB1A8520CA006B5605 /* FBookViewController.m */ = {isa = PBXFileReference; lastKnownFileType = sourcecode.c.objc; path = FBookViewController.m; sourceTree = "<group>"; };
		386D09CD1A8520CA006B5605 /* Images.xcassets */ = {isa = PBXFileReference; lastKnownFileType = folder.assetcatalog; path = Images.xcassets; sourceTree = "<group>"; };
		386D09D31A8520CA006B5605 /* FBLoginTests.xctest */ = {isa = PBXFileReference; explicitFileType = wrapper.cfbundle; includeInIndex = 0; path = FBLoginTests.xctest; sourceTree = BUILT_PRODUCTS_DIR; };
		386D09D41A8520CA006B5605 /* XCTest.framework */ = {isa = PBXFileReference; lastKnownFileType = wrapper.framework; name = XCTest.framework; path = Library/Frameworks/XCTest.framework; sourceTree = DEVELOPER_DIR; };
		386D09DC1A8520CA006B5605 /* FBLoginTests-Info.plist */ = {isa = PBXFileReference; lastKnownFileType = text.plist.xml; path = "FBLoginTests-Info.plist"; sourceTree = "<group>"; };
		386D09DE1A8520CA006B5605 /* en */ = {isa = PBXFileReference; lastKnownFileType = text.plist.strings; name = en; path = en.lproj/InfoPlist.strings; sourceTree = "<group>"; };
		386D09E01A8520CA006B5605 /* FBLoginTests.m */ = {isa = PBXFileReference; lastKnownFileType = sourcecode.c.objc; path = FBLoginTests.m; sourceTree = "<group>"; };
		386D09EA1A8520F8006B5605 /* FacebookSDK.framework */ = {isa = PBXFileReference; lastKnownFileType = wrapper.framework; path = FacebookSDK.framework; sourceTree = "<group>"; };
		386D09EC1A852123006B5605 /* Accounts.framework */ = {isa = PBXFileReference; lastKnownFileType = wrapper.framework; name = Accounts.framework; path = System/Library/Frameworks/Accounts.framework; sourceTree = SDKROOT; };
		386D09ED1A852123006B5605 /* AdSupport.framework */ = {isa = PBXFileReference; lastKnownFileType = wrapper.framework; name = AdSupport.framework; path = System/Library/Frameworks/AdSupport.framework; sourceTree = SDKROOT; };
		386D09F01A852139006B5605 /* libsqlite3.dylib */ = {isa = PBXFileReference; lastKnownFileType = "compiled.mach-o.dylib"; name = libsqlite3.dylib; path = usr/lib/libsqlite3.dylib; sourceTree = SDKROOT; };
		386D09F21A852141006B5605 /* Security.framework */ = {isa = PBXFileReference; lastKnownFileType = wrapper.framework; name = Security.framework; path = System/Library/Frameworks/Security.framework; sourceTree = SDKROOT; };
		386D09F41A8524D0006B5605 /* Social.framework */ = {isa = PBXFileReference; lastKnownFileType = wrapper.framework; name = Social.framework; path = System/Library/Frameworks/Social.framework; sourceTree = SDKROOT; };
		386D09F61A855147006B5605 /* FBookTableViewController.h */ = {isa = PBXFileReference; fileEncoding = 4; lastKnownFileType = sourcecode.c.h; path = FBookTableViewController.h; sourceTree = "<group>"; };
		386D09F71A855147006B5605 /* FBookTableViewController.m */ = {isa = PBXFileReference; fileEncoding = 4; lastKnownFileType = sourcecode.c.objc; path = FBookTableViewController.m; sourceTree = "<group>"; };
		386D0A051A85646D006B5605 /* User.h */ = {isa = PBXFileReference; fileEncoding = 4; lastKnownFileType = sourcecode.c.h; path = User.h; sourceTree = "<group>"; };
		386D0A061A85646D006B5605 /* User.m */ = {isa = PBXFileReference; fileEncoding = 4; lastKnownFileType = sourcecode.c.objc; path = User.m; sourceTree = "<group>"; };
		386D0A231A857967006B5605 /* defaultpic.png */ = {isa = PBXFileReference; lastKnownFileType = image.png; path = defaultpic.png; sourceTree = "<group>"; };
/* End PBXFileReference section */

/* Begin PBXFrameworksBuildPhase section */
		386D09AC1A8520CA006B5605 /* Frameworks */ = {
			isa = PBXFrameworksBuildPhase;
			buildActionMask = 2147483647;
			files = (
				386D09F51A8524D0006B5605 /* Social.framework in Frameworks */,
				386D09F31A852141006B5605 /* Security.framework in Frameworks */,
				386D09F11A852139006B5605 /* libsqlite3.dylib in Frameworks */,
				386D09EE1A852123006B5605 /* Accounts.framework in Frameworks */,
				386D09EF1A852123006B5605 /* AdSupport.framework in Frameworks */,
				386D09B51A8520CA006B5605 /* CoreGraphics.framework in Frameworks */,
				386D09EB1A8520F8006B5605 /* FacebookSDK.framework in Frameworks */,
				386D09B71A8520CA006B5605 /* UIKit.framework in Frameworks */,
				386D09B31A8520CA006B5605 /* Foundation.framework in Frameworks */,
			);
			runOnlyForDeploymentPostprocessing = 0;
		};
		386D09D01A8520CA006B5605 /* Frameworks */ = {
			isa = PBXFrameworksBuildPhase;
			buildActionMask = 2147483647;
			files = (
				386D09D51A8520CA006B5605 /* XCTest.framework in Frameworks */,
				386D09D71A8520CA006B5605 /* UIKit.framework in Frameworks */,
				386D09D61A8520CA006B5605 /* Foundation.framework in Frameworks */,
			);
			runOnlyForDeploymentPostprocessing = 0;
		};
/* End PBXFrameworksBuildPhase section */

/* Begin PBXGroup section */
		386D09A61A8520C9006B5605 = {
			isa = PBXGroup;
			children = (
				386D0A041A85644B006B5605 /* User */,
				386D09B81A8520CA006B5605 /* FBLogin */,
				386D09DA1A8520CA006B5605 /* FBLoginTests */,
				386D09B11A8520CA006B5605 /* Frameworks */,
				386D09B01A8520CA006B5605 /* Products */,
			);
			sourceTree = "<group>";
		};
		386D09B01A8520CA006B5605 /* Products */ = {
			isa = PBXGroup;
			children = (
				386D09AF1A8520CA006B5605 /* FBLogin.app */,
				386D09D31A8520CA006B5605 /* FBLoginTests.xctest */,
			);
			name = Products;
			sourceTree = "<group>";
		};
		386D09B11A8520CA006B5605 /* Frameworks */ = {
			isa = PBXGroup;
			children = (
				386D09F41A8524D0006B5605 /* Social.framework */,
				386D09F21A852141006B5605 /* Security.framework */,
				386D09F01A852139006B5605 /* libsqlite3.dylib */,
				386D09EC1A852123006B5605 /* Accounts.framework */,
				386D09ED1A852123006B5605 /* AdSupport.framework */,
				386D09EA1A8520F8006B5605 /* FacebookSDK.framework */,
				386D09B21A8520CA006B5605 /* Foundation.framework */,
				386D09B41A8520CA006B5605 /* CoreGraphics.framework */,
				386D09B61A8520CA006B5605 /* UIKit.framework */,
				386D09D41A8520CA006B5605 /* XCTest.framework */,
			);
			name = Frameworks;
			sourceTree = "<group>";
		};
		386D09B81A8520CA006B5605 /* FBLogin */ = {
			isa = PBXGroup;
			children = (
				386D09F61A855147006B5605 /* FBookTableViewController.h */,
				386D09F71A855147006B5605 /* FBookTableViewController.m */,
				386D09C11A8520CA006B5605 /* FBookAppDelegate.h */,
				386D09C21A8520CA006B5605 /* FBookAppDelegate.m */,
				386D09C41A8520CA006B5605 /* Main_iPhone.storyboard */,
				386D09C71A8520CA006B5605 /* Main_iPad.storyboard */,
				386D09CA1A8520CA006B5605 /* FBookViewController.h */,
				386D09CB1A8520CA006B5605 /* FBookViewController.m */,
				386D09CD1A8520CA006B5605 /* Images.xcassets */,
				386D09B91A8520CA006B5605 /* Supporting Files */,
			);
			path = FBLogin;
			sourceTree = "<group>";
		};
		386D09B91A8520CA006B5605 /* Supporting Files */ = {
			isa = PBXGroup;
			children = (
				386D0A231A857967006B5605 /* defaultpic.png */,
				386D09BA1A8520CA006B5605 /* FBLogin-Info.plist */,
				386D09BB1A8520CA006B5605 /* InfoPlist.strings */,
				386D09BE1A8520CA006B5605 /* main.m */,
				386D09C01A8520CA006B5605 /* FBLogin-Prefix.pch */,
			);
			name = "Supporting Files";
			sourceTree = "<group>";
		};
		386D09DA1A8520CA006B5605 /* FBLoginTests */ = {
			isa = PBXGroup;
			children = (
				386D09E01A8520CA006B5605 /* FBLoginTests.m */,
				386D09DB1A8520CA006B5605 /* Supporting Files */,
			);
			path = FBLoginTests;
			sourceTree = "<group>";
		};
		386D09DB1A8520CA006B5605 /* Supporting Files */ = {
			isa = PBXGroup;
			children = (
				386D09DC1A8520CA006B5605 /* FBLoginTests-Info.plist */,
				386D09DD1A8520CA006B5605 /* InfoPlist.strings */,
			);
			name = "Supporting Files";
			sourceTree = "<group>";
		};
		386D0A041A85644B006B5605 /* User */ = {
			isa = PBXGroup;
			children = (
				386D0A051A85646D006B5605 /* User.h */,
				386D0A061A85646D006B5605 /* User.m */,
			);
			name = User;
			sourceTree = "<group>";
		};
/* End PBXGroup section */

/* Begin PBXNativeTarget section */
		386D09AE1A8520CA006B5605 /* FBLogin */ = {
			isa = PBXNativeTarget;
			buildConfigurationList = 386D09E41A8520CA006B5605 /* Build configuration list for PBXNativeTarget "FBLogin" */;
			buildPhases = (
				386D09AB1A8520CA006B5605 /* Sources */,
				386D09AC1A8520CA006B5605 /* Frameworks */,
				386D09AD1A8520CA006B5605 /* Resources */,
			);
			buildRules = (
			);
			dependencies = (
			);
			name = FBLogin;
			productName = FBLogin;
			productReference = 386D09AF1A8520CA006B5605 /* FBLogin.app */;
			productType = "com.apple.product-type.application";
		};
		386D09D21A8520CA006B5605 /* FBLoginTests */ = {
			isa = PBXNativeTarget;
			buildConfigurationList = 386D09E71A8520CA006B5605 /* Build configuration list for PBXNativeTarget "FBLoginTests" */;
			buildPhases = (
				386D09CF1A8520CA006B5605 /* Sources */,
				386D09D01A8520CA006B5605 /* Frameworks */,
				386D09D11A8520CA006B5605 /* Resources */,
			);
			buildRules = (
			);
			dependencies = (
				386D09D91A8520CA006B5605 /* PBXTargetDependency */,
			);
			name = FBLoginTests;
			productName = FBLoginTests;
			productReference = 386D09D31A8520CA006B5605 /* FBLoginTests.xctest */;
			productType = "com.apple.product-type.bundle.unit-test";
		};
/* End PBXNativeTarget section */

/* Begin PBXProject section */
		386D09A71A8520C9006B5605 /* Project object */ = {
			isa = PBXProject;
			attributes = {
				CLASSPREFIX = FBook;
				LastUpgradeCheck = 0510;
				ORGANIZATIONNAME = "Tony Medrano";
				TargetAttributes = {
					386D09D21A8520CA006B5605 = {
						TestTargetID = 386D09AE1A8520CA006B5605;
					};
				};
			};
			buildConfigurationList = 386D09AA1A8520C9006B5605 /* Build configuration list for PBXProject "FBLogin" */;
			compatibilityVersion = "Xcode 3.2";
			developmentRegion = English;
			hasScannedForEncodings = 0;
			knownRegions = (
				en,
				Base,
			);
			mainGroup = 386D09A61A8520C9006B5605;
			productRefGroup = 386D09B01A8520CA006B5605 /* Products */;
			projectDirPath = "";
			projectRoot = "";
			targets = (
				386D09AE1A8520CA006B5605 /* FBLogin */,
				386D09D21A8520CA006B5605 /* FBLoginTests */,
			);
		};
/* End PBXProject section */

/* Begin PBXResourcesBuildPhase section */
		386D09AD1A8520CA006B5605 /* Resources */ = {
			isa = PBXResourcesBuildPhase;
			buildActionMask = 2147483647;
			files = (
				386D09C91A8520CA006B5605 /* Main_iPad.storyboard in Resources */,
				386D0A241A857967006B5605 /* defaultpic.png in Resources */,
				386D09CE1A8520CA006B5605 /* Images.xcassets in Resources */,
				386D09C61A8520CA006B5605 /* Main_iPhone.storyboard in Resources */,
				386D09BD1A8520CA006B5605 /* InfoPlist.strings in Resources */,
			);
			runOnlyForDeploymentPostprocessing = 0;
		};
		386D09D11A8520CA006B5605 /* Resources */ = {
			isa = PBXResourcesBuildPhase;
			buildActionMask = 2147483647;
			files = (
				386D0A251A857967006B5605 /* defaultpic.png in Resources */,
				386D09DF1A8520CA006B5605 /* InfoPlist.strings in Resources */,
			);
			runOnlyForDeploymentPostprocessing = 0;
		};
/* End PBXResourcesBuildPhase section */

/* Begin PBXSourcesBuildPhase section */
		386D09AB1A8520CA006B5605 /* Sources */ = {
			isa = PBXSourcesBuildPhase;
			buildActionMask = 2147483647;
			files = (
				386D0A071A85646D006B5605 /* User.m in Sources */,
				386D09CC1A8520CA006B5605 /* FBookViewController.m in Sources */,
				386D09F81A855147006B5605 /* FBookTableViewController.m in Sources */,
				386D09C31A8520CA006B5605 /* FBookAppDelegate.m in Sources */,
				386D09BF1A8520CA006B5605 /* main.m in Sources */,
			);
			runOnlyForDeploymentPostprocessing = 0;
		};
		386D09CF1A8520CA006B5605 /* Sources */ = {
			isa = PBXSourcesBuildPhase;
			buildActionMask = 2147483647;
			files = (
				386D09E11A8520CA006B5605 /* FBLoginTests.m in Sources */,
				386D09F91A855147006B5605 /* FBookTableViewController.m in Sources */,
				386D0A081A85646D006B5605 /* User.m in Sources */,
			);
			runOnlyForDeploymentPostprocessing = 0;
		};
/* End PBXSourcesBuildPhase section */

/* Begin PBXTargetDependency section */
		386D09D91A8520CA006B5605 /* PBXTargetDependency */ = {
			isa = PBXTargetDependency;
			target = 386D09AE1A8520CA006B5605 /* FBLogin */;
			targetProxy = 386D09D81A8520CA006B5605 /* PBXContainerItemProxy */;
		};
/* End PBXTargetDependency section */

/* Begin PBXVariantGroup section */
		386D09BB1A8520CA006B5605 /* InfoPlist.strings */ = {
			isa = PBXVariantGroup;
			children = (
				386D09BC1A8520CA006B5605 /* en */,
			);
			name = InfoPlist.strings;
			sourceTree = "<group>";
		};
		386D09C41A8520CA006B5605 /* Main_iPhone.storyboard */ = {
			isa = PBXVariantGroup;
			children = (
				386D09C51A8520CA006B5605 /* Base */,
			);
			name = Main_iPhone.storyboard;
			sourceTree = "<group>";
		};
		386D09C71A8520CA006B5605 /* Main_iPad.storyboard */ = {
			isa = PBXVariantGroup;
			children = (
				386D09C81A8520CA006B5605 /* Base */,
			);
			name = Main_iPad.storyboard;
			sourceTree = "<group>";
		};
		386D09DD1A8520CA006B5605 /* InfoPlist.strings */ = {
			isa = PBXVariantGroup;
			children = (
				386D09DE1A8520CA006B5605 /* en */,
			);
			name = InfoPlist.strings;
			sourceTree = "<group>";
		};
/* End PBXVariantGroup section */

/* Begin XCBuildConfiguration section */
		386D09E21A8520CA006B5605 /* Debug */ = {
			isa = XCBuildConfiguration;
			buildSettings = {
				ALWAYS_SEARCH_USER_PATHS = NO;
				CLANG_CXX_LANGUAGE_STANDARD = "gnu++0x";
				CLANG_CXX_LIBRARY = "libc++";
				CLANG_ENABLE_MODULES = YES;
				CLANG_ENABLE_OBJC_ARC = YES;
				CLANG_WARN_BOOL_CONVERSION = YES;
				CLANG_WARN_CONSTANT_CONVERSION = YES;
				CLANG_WARN_DIRECT_OBJC_ISA_USAGE = YES_ERROR;
				CLANG_WARN_EMPTY_BODY = YES;
				CLANG_WARN_ENUM_CONVERSION = YES;
				CLANG_WARN_INT_CONVERSION = YES;
				CLANG_WARN_OBJC_ROOT_CLASS = YES_ERROR;
				CLANG_WARN__DUPLICATE_METHOD_MATCH = YES;
				"CODE_SIGN_IDENTITY[sdk=iphoneos*]" = "iPhone Developer";
				COPY_PHASE_STRIP = NO;
				GCC_C_LANGUAGE_STANDARD = gnu99;
				GCC_DYNAMIC_NO_PIC = NO;
				GCC_OPTIMIZATION_LEVEL = 0;
				GCC_PREPROCESSOR_DEFINITIONS = (
					"DEBUG=1",
					"$(inherited)",
				);
				GCC_SYMBOLS_PRIVATE_EXTERN = NO;
				GCC_WARN_64_TO_32_BIT_CONVERSION = YES;
				GCC_WARN_ABOUT_RETURN_TYPE = YES_ERROR;
				GCC_WARN_UNDECLARED_SELECTOR = YES;
				GCC_WARN_UNINITIALIZED_AUTOS = YES_AGGRESSIVE;
				GCC_WARN_UNUSED_FUNCTION = YES;
				GCC_WARN_UNUSED_VARIABLE = YES;
				IPHONEOS_DEPLOYMENT_TARGET = 7.1;
				ONLY_ACTIVE_ARCH = YES;
				SDKROOT = iphoneos;
				TARGETED_DEVICE_FAMILY = "1,2";
			};
			name = Debug;
		};
		386D09E31A8520CA006B5605 /* Release */ = {
			isa = XCBuildConfiguration;
			buildSettings = {
				ALWAYS_SEARCH_USER_PATHS = NO;
				CLANG_CXX_LANGUAGE_STANDARD = "gnu++0x";
				CLANG_CXX_LIBRARY = "libc++";
				CLANG_ENABLE_MODULES = YES;
				CLANG_ENABLE_OBJC_ARC = YES;
				CLANG_WARN_BOOL_CONVERSION = YES;
				CLANG_WARN_CONSTANT_CONVERSION = YES;
				CLANG_WARN_DIRECT_OBJC_ISA_USAGE = YES_ERROR;
				CLANG_WARN_EMPTY_BODY = YES;
				CLANG_WARN_ENUM_CONVERSION = YES;
				CLANG_WARN_INT_CONVERSION = YES;
				CLANG_WARN_OBJC_ROOT_CLASS = YES_ERROR;
				CLANG_WARN__DUPLICATE_METHOD_MATCH = YES;
				"CODE_SIGN_IDENTITY[sdk=iphoneos*]" = "iPhone Developer";
				COPY_PHASE_STRIP = YES;
				ENABLE_NS_ASSERTIONS = NO;
				GCC_C_LANGUAGE_STANDARD = gnu99;
				GCC_WARN_64_TO_32_BIT_CONVERSION = YES;
				GCC_WARN_ABOUT_RETURN_TYPE = YES_ERROR;
				GCC_WARN_UNDECLARED_SELECTOR = YES;
				GCC_WARN_UNINITIALIZED_AUTOS = YES_AGGRESSIVE;
				GCC_WARN_UNUSED_FUNCTION = YES;
				GCC_WARN_UNUSED_VARIABLE = YES;
				IPHONEOS_DEPLOYMENT_TARGET = 7.1;
				SDKROOT = iphoneos;
				TARGETED_DEVICE_FAMILY = "1,2";
				VALIDATE_PRODUCT = YES;
			};
			name = Release;
		};
		386D09E51A8520CA006B5605 /* Debug */ = {
			isa = XCBuildConfiguration;
			buildSettings = {
				ASSETCATALOG_COMPILER_APPICON_NAME = AppIcon;
				ASSETCATALOG_COMPILER_LAUNCHIMAGE_NAME = LaunchImage;
				FRAMEWORK_SEARCH_PATHS = (
					"$(inherited)",
					"$(PROJECT_DIR)",
				);
				GCC_PRECOMPILE_PREFIX_HEADER = YES;
				GCC_PREFIX_HEADER = "FBLogin/FBLogin-Prefix.pch";
				INFOPLIST_FILE = "FBLogin/FBLogin-Info.plist";
				PRODUCT_NAME = "$(TARGET_NAME)";
				WRAPPER_EXTENSION = app;
			};
			name = Debug;
		};
		386D09E61A8520CA006B5605 /* Release */ = {
			isa = XCBuildConfiguration;
			buildSettings = {
				ASSETCATALOG_COMPILER_APPICON_NAME = AppIcon;
				ASSETCATALOG_COMPILER_LAUNCHIMAGE_NAME = LaunchImage;
				FRAMEWORK_SEARCH_PATHS = (
					"$(inherited)",
					"$(PROJECT_DIR)",
				);
				GCC_PRECOMPILE_PREFIX_HEADER = YES;
				GCC_PREFIX_HEADER = "FBLogin/FBLogin-Prefix.pch";
				INFOPLIST_FILE = "FBLogin/FBLogin-Info.plist";
				PRODUCT_NAME = "$(TARGET_NAME)";
				WRAPPER_EXTENSION = app;
			};
			name = Release;
		};
		386D09E81A8520CA006B5605 /* Debug */ = {
			isa = XCBuildConfiguration;
			buildSettings = {
				BUNDLE_LOADER = "$(BUILT_PRODUCTS_DIR)/FBLogin.app/FBLogin";
				FRAMEWORK_SEARCH_PATHS = (
					"$(SDKROOT)/Developer/Library/Frameworks",
					"$(inherited)",
					"$(DEVELOPER_FRAMEWORKS_DIR)",
				);
				GCC_PRECOMPILE_PREFIX_HEADER = YES;
				GCC_PREFIX_HEADER = "FBLogin/FBLogin-Prefix.pch";
				GCC_PREPROCESSOR_DEFINITIONS = (
					"DEBUG=1",
					"$(inherited)",
				);
				INFOPLIST_FILE = "FBLoginTests/FBLoginTests-Info.plist";
				PRODUCT_NAME = "$(TARGET_NAME)";
				TEST_HOST = "$(BUNDLE_LOADER)";
				WRAPPER_EXTENSION = xctest;
			};
			name = Debug;
		};
		386D09E91A8520CA006B5605 /* Release */ = {
			isa = XCBuildConfiguration;
			buildSettings = {
				BUNDLE_LOADER = "$(BUILT_PRODUCTS_DIR)/FBLogin.app/FBLogin";
				FRAMEWORK_SEARCH_PATHS = (
					"$(SDKROOT)/Developer/Library/Frameworks",
					"$(inherited)",
					"$(DEVELOPER_FRAMEWORKS_DIR)",
				);
				GCC_PRECOMPILE_PREFIX_HEADER = YES;
				GCC_PREFIX_HEADER = "FBLogin/FBLogin-Prefix.pch";
				INFOPLIST_FILE = "FBLoginTests/FBLoginTests-Info.plist";
				PRODUCT_NAME = "$(TARGET_NAME)";
				TEST_HOST = "$(BUNDLE_LOADER)";
				WRAPPER_EXTENSION = xctest;
			};
			name = Release;
		};
/* End XCBuildConfiguration section */

/* Begin XCConfigurationList section */
		386D09AA1A8520C9006B5605 /* Build configuration list for PBXProject "FBLogin" */ = {
			isa = XCConfigurationList;
			buildConfigurations = (
				386D09E21A8520CA006B5605 /* Debug */,
				386D09E31A8520CA006B5605 /* Release */,
			);
			defaultConfigurationIsVisible = 0;
			defaultConfigurationName = Release;
		};
		386D09E41A8520CA006B5605 /* Build configuration list for PBXNativeTarget "FBLogin" */ = {
			isa = XCConfigurationList;
			buildConfigurations = (
				386D09E51A8520CA006B5605 /* Debug */,
				386D09E61A8520CA006B5605 /* Release */,
			);
			defaultConfigurationIsVisible = 0;
			defaultConfigurationName = Release;
		};
		386D09E71A8520CA006B5605 /* Build configuration list for PBXNativeTarget "FBLoginTests" */ = {
			isa = XCConfigurationList;
			buildConfigurations = (
				386D09E81A8520CA006B5605 /* Debug */,
				386D09E91A8520CA006B5605 /* Release */,
			);
			defaultConfigurationIsVisible = 0;
			defaultConfigurationName = Release;
		};
/* End XCConfigurationList section */
	};
	rootObject = 386D09A71A8520C9006B5605 /* Project object */;
}
